# THIS IS AN AUTOGENERATED FILE. DO NOT EDIT THIS FILE DIRECTLY.
# yarn lockfile v1


eventsource@^1.0.7:
  version "1.0.7"
  resolved "https://registry.yarnpkg.com/eventsource/-/eventsource-1.0.7.tgz#8fbc72c93fcd34088090bc0a4e64f4b5cee6d8d0"
  integrity sha512-4Ln17+vVT0k8aWq+t/bF5arcS3EpT9gYtW66EPacdj/mAFevznsnyoHLPy2BA8gbIQeIHoPsvwmfBftfcG//BQ==
  dependencies:
    original "^1.0.0"

iconv@~2.2.1:
  version "2.2.3"
  resolved "https://registry.yarnpkg.com/iconv/-/iconv-2.2.3.tgz#e084d60eeb7d73da7f0a9c096e4c8abe090bfaed"
  integrity sha1-4ITWDut9c9p/CpwJbkyKvgkL+u0=
  dependencies:
    nan "^2.3.5"

irc-colors@^1.1.0:
  version "1.5.0"
  resolved "https://registry.yarnpkg.com/irc-colors/-/irc-colors-1.5.0.tgz#08834c01ead88b0fd88386a5f2af8f2b0bb963fb"
  integrity sha512-HtszKchBQTcqw1DC09uD7i7vvMayHGM1OCo6AHt5pkgZEyo99ClhHTMJdf+Ezc9ovuNNxcH89QfyclGthjZJOw==

irc@^0.5.2:
  version "0.5.2"
  resolved "https://registry.yarnpkg.com/irc/-/irc-0.5.2.tgz#3714f4768365a96d0b2f776bc91166beb2464bbc"
  integrity sha1-NxT0doNlqW0LL3dryRFmvrJGS7w=
  dependencies:
    irc-colors "^1.1.0"
  optionalDependencies:
    iconv "~2.2.1"
    node-icu-charset-detector "~0.2.0"

nan@^2.3.3, nan@^2.3.5:
  version "2.14.1"
  resolved "https://registry.yarnpkg.com/nan/-/nan-2.14.1.tgz#d7be34dfa3105b91494c3147089315eff8874b01"
  integrity sha512-isWHgVjnFjh2x2yuJ/tj3JbwoHu3UC2dX5G/88Cm24yB6YopVgxvBObDY7n5xW6ExmFhJpSEQqFPvq9zaXc8Jw==

node-icu-charset-detector@~0.2.0:
  version "0.2.0"
  resolved "https://registry.yarnpkg.com/node-icu-charset-detector/-/node-icu-charset-detector-0.2.0.tgz#c2320da374ddcb671fc54cb4a0e041e156ffd639"
  integrity sha1-wjINo3Tdy2cfxUy0oOBB4Vb/1jk=
  dependencies:
    nan "^2.3.3"

original@^1.0.0:
  version "1.0.2"
  resolved "https://registry.yarnpkg.com/original/-/original-1.0.2.tgz#e442a61cffe1c5fd20a65f3261c26663b303f25f"
  integrity sha512-hyBVl6iqqUOJ8FqRe+l/gS8H+kKYjrEndd5Pm1MfBtsEKA038HkkdbAl/72EAXGyonD/PFsvmVG+EvcIpliMBg==
  dependencies:
    url-parse "^1.4.3"

querystringify@^2.1.1:
  version "2.1.1"
  resolved "https://registry.yarnpkg.com/querystringify/-/querystringify-2.1.1.tgz#60e5a5fd64a7f8bfa4d2ab2ed6fdf4c85bad154e"
  integrity sha512-w7fLxIRCRT7U8Qu53jQnJyPkYZIaR4n5151KMfcJlO/A9397Wxb1amJvROTK6TOnp7PfoAmg/qXiNHI+08jRfA==

requires-port@^1.0.0:
  version "1.0.0"
  resolved "https://registry.yarnpkg.com/requires-port/-/requires-port-1.0.0.tgz#925d2601d39ac485e091cf0da5c6e694dc3dcaff"
  integrity sha1-kl0mAdOaxIXgkc8NpcbmlNw9yv8=

url-parse@^1.4.3:
  version "1.4.7"
  resolved "https://registry.yarnpkg.com/url-parse/-/url-parse-1.4.7.tgz#a8a83535e8c00a316e403a5db4ac1b9b853ae278"
  integrity sha512-d3uaVyzDB9tQoSXFvuSUNFibTd9zxd2bkVrDRvF5TmvWWQwqE4lgYJ5m+x1DbecWkw+LK4RNl2CU1hHuOKPVlg==
  dependencies:
    querystringify "^2.1.1"
    requires-port "^1.0.0"
